{
  "lockfile_version": "1",
  "packages": {
    "cargo@latest": {
      "last_modified": "2026-07-23T05:10:05Z",
      "resolved": "github:NixOS/nixpkgs/7525d999cd850b9a488817abc89c75dc733acf17#cargo",
      "source": "devbox-search",
      "version": "1.97.0",
      "systems": {
        "aarch64-darwin": {
          "outputs": [
            {
              "name": "out",
              "path": "/nix/store/dl8ydfqs2ilm1p26baiqi6zh68jxsyii-cargo-1.97.0",
              "default": true
            }
          ],
          "store_path": "/nix/store/dl8ydfqs2ilm1p26baiqi6zh68jxsyii-cargo-1.97.0"
        },
        "aarch64-linux": {
          "outputs": [
            {
              "name": "out",
              "path": "/nix/store/lp3dyvgayzmnc1zdml5sq6iazfysd0az-cargo-1.97.0",
              "default": true
            }
          ],
          "store_path": "/nix/store/lp3dyvgayzmnc1zdml5sq6iazfysd0az-cargo-1.97.0"
        },
        "x86_64-linux": {
          "outputs": [
            {
              "name": "out",
              "path": "/nix/store/l7v00m55rb130bhql2kr74pq8sdpl41c-cargo-1.97.0",
              "default": true
            }
          ],
          "store_path": "/nix/store/l7v00m55rb130bhql2kr74pq8sdpl41c-cargo-1.97.0"
        }
      }
    },
    "clippy@latest": {
      "last_modified": "2026-07-23T05:10:05Z",
      "resolved": "github:NixOS/nixpkgs/7525d999cd850b9a488817abc89c75dc733acf17#clippy",
      "source": "devbox-search",
      "version": "1.97.0",
      "systems": {
        "aarch64-darwin": {
          "outputs": [
            {
              "name": "out",
              "path": "/nix/store/i5y5jzjqgh0gab9bqnyma663nf5v1n1i-clippy-1.97.0",
              "default": true
            }
          ],
          "store_path": "/nix/store/i5y5jzjqgh0gab9bqnyma663nf5v1n1i-clippy-1.97.0"
        },
        "aarch64-linux": {
          "outputs": [
            {
              "name": "out",
              "path": "/nix/store/sscvmgv3chk0h6rmipxa9pm7smp89lqh-clippy-1.97.0",
              "default": true
            },
            {
              "name": "debug",
              "path": "/nix/store/wzy2b0mn26f8z5yyds4r094mr53dx4x8-clippy-1.97.0-debug"
            }
          ],
          "store_path": "/nix/store/sscvmgv3chk0h6rmipxa9pm7smp89lqh-clippy-1.97.0"
        },
        "x86_64-linux": {
          "outputs": [
            {
              "name": "out",
              "path": "/nix/store/bijimpgbih6bwc8sykr5fijcjim2qfgr-clippy-1.97.0",
              "default": true
            },
            {
              "name": "debug",
              "path": "/nix/store/b5v9zhindmwznbqhy5jpnk93bqnq0x1z-clippy-1.97.0-debug"
            }
          ],
          "store_path": "/nix/store/bijimpgbih6bwc8sykr5fijcjim2qfgr-clippy-1.97.0"
        }
      }
    },
    "git@latest": {
      "last_modified": "2026-07-23T05:10:05Z",
      "resolved": "github:NixOS/nixpkgs/7525d999cd850b9a488817abc89c75dc733acf17#git",
      "source": "devbox-search",
      "version": "2.55.0",
      "systems": {
        "aarch64-darwin": {
          "outputs": [
            {
              "name": "out",
              "path": "/nix/store/mm146m54sdyyqlgn1vs1y2ha8qkqbq4d-git-2.55.0",
              "default": true
            },
            {
              "name": "doc",
              "path": "/nix/store/6zngfmnwj4f1i6y81sbp2ni3nfzbhapr-git-2.55.0-doc"
            }
          ],
          "store_path": "/nix/store/mm146m54sdyyqlgn1vs1y2ha8qkqbq4d-git-2.55.0"
        },
        "aarch64-linux": {
          "outputs": [
            {
              "name": "out",
              "path": "/nix/store/m5pr759k6l5w4pry4d96nk47hj8pq1fp-git-2.55.0",
              "default": true
            },
            {
              "name": "debug",
              "path": "/nix/store/3vz6cdc94ch6vyfvs2hsr3di4a112dcl-git-2.55.0-debug"
            },
            {
              "name": "doc",
              "path": "/nix/store/7i5h1q53czyr7pi9zv5ljdyi3x88w362-git-2.55.0-doc"
            }
          ],
          "store_path": "/nix/store/m5pr759k6l5w4pry4d96nk47hj8pq1fp-git-2.55.0"
        },
        "x86_64-linux": {
          "outputs": [
            {
              "name": "out",
              "path": "/nix/store/rq1vg974qcxzb9dazz9dbq2qm72r9fa4-git-2.55.0",
              "default": true
            },
            {
              "name": "debug",
              "path": "/nix/store/q36dlq816877n8is15shkyhcwp1d4va1-git-2.55.0-debug"
            },
            {
              "name": "doc",
              "path": "/nix/store/kbddl0iwydskifb753jn5zhzayazzfwm-git-2.55.0-doc"
            }
          ],
          "store_path": "/nix/store/rq1vg974qcxzb9dazz9dbq2qm72r9fa4-git-2.55.0"
        }
      }
    },
    "github:NixOS/nixpkgs/nixpkgs-unstable": {
      "last_modified": "2026-07-27T08:35:34Z",
      "resolved": "github:NixOS/nixpkgs/38a4887411571457d700c51c64a6e49ead2ed5ab?lastModified=1785141334"
    },
    "just@latest": {
      "last_modified": "2026-07-23T05:10:05Z",
      "resolved": "github:NixOS/nixpkgs/7525d999cd850b9a488817abc89c75dc733acf17#just",
      "source": "devbox-search",
      "version": "1.57.0",
      "systems": {
        "aarch64-darwin": {
          "outputs": [
            {
              "name": "out",
              "path": "/nix/store/197vj26rr8fsd93dzmwmwvjcqw7v24bk-just-1.57.0",
              "default": true
            },
            {
              "name": "man",
              "path": "/nix/store/0ff1nnr1rg6mnfmcprr9a4lg1ar7jby9-just-1.57.0-man",
              "default": true
            },
            {
              "name": "doc",
              "path": "/nix/store/jzbx2s1nzz7b9cinck1s0w54gr7g8q6x-just-1.57.0-doc"
            }
          ],
          "store_path": "/nix/store/197vj26rr8fsd93dzmwmwvjcqw7v24bk-just-1.57.0"
        },
        "aarch64-linux": {
          "outputs": [
            {
              "name": "out",
              "path": "/nix/store/ijj0f7avjl3lcahj3pq1prz32mcv1l8p-just-1.57.0",
              "default": true
            },
            {
              "name": "man",
              "path": "/nix/store/j5wx4dh05fp7gmziwv48j3n222iavl1j-just-1.57.0-man",
              "default": true
            },
            {
              "name": "doc",
              "path": "/nix/store/3a2icqfmckpph7a53rscxd70yzx13ai0-just-1.57.0-doc"
            }
          ],
          "store_path": "/nix/store/ijj0f7avjl3lcahj3pq1prz32mcv1l8p-just-1.57.0"
        },
        "x86_64-linux": {
          "outputs": [
            {
              "name": "out",
              "path": "/nix/store/70h070nb8c1l202a4gn58n6mxapbjhl9-just-1.57.0",
              "default": true
            },
            {
              "name": "man",
              "path": "/nix/store/5jqyaddlkly9bng1f3i2migfxp7fs7s0-just-1.57.0-man",
              "default": true
            },
            {
              "name": "doc",
              "path": "/nix/store/hazpa6bzrgc46bbf279wq15dasrid1hj-just-1.57.0-doc"
            }
          ],
          "store_path": "/nix/store/70h070nb8c1l202a4gn58n6mxapbjhl9-just-1.57.0"
        }
      }
    },
    "nodejs@latest": {
      "last_modified": "2026-07-23T05:10:05Z",
      "plugin_version": "0.0.4",
      "resolved": "github:NixOS/nixpkgs/7525d999cd850b9a488817abc89c75dc733acf17#nodejs_26",
      "source": "devbox-search",
      "version": "26.5.0",
      "systems": {
        "aarch64-darwin": {
          "outputs": [
            {
              "name": "out",
              "path": "/nix/store/2av9bavw3il8c3py7r43ws3jmfgq0d78-nodejs-26.5.0",
              "default": true
            }
          ],
          "store_path": "/nix/store/2av9bavw3il8c3py7r43ws3jmfgq0d78-nodejs-26.5.0"
        },
        "aarch64-linux": {
          "outputs": [
            {
              "name": "out",
              "path": "/nix/store/a986v2cxhc14vwvw96zzybrl2k5072xd-nodejs-26.5.0",
              "default": true
            }
          ],
          "store_path": "/nix/store/a986v2cxhc14vwvw96zzybrl2k5072xd-nodejs-26.5.0"
        },
        "x86_64-linux": {
          "outputs": [
            {
              "name": "out",
              "path": "/nix/store/hd5lacx31z6c2nsv2jarqx7irsfc1ih0-nodejs-26.5.0",
              "default": true
            }
          ],
          "store_path": "/nix/store/hd5lacx31z6c2nsv2jarqx7irsfc1ih0-nodejs-26.5.0"
        }
      }
    },
    "pnpm@latest": {
      "last_modified": "2026-07-23T05:10:05Z",
      "resolved": "github:NixOS/nixpkgs/7525d999cd850b9a488817abc89c75dc733acf17#pnpm",
      "source": "devbox-search",
      "version": "11.15.0",
      "systems": {
        "aarch64-darwin": {
          "outputs": [
            {
              "name": "out",
              "path": "/nix/store/12ii9vsb0ygcp3n68ninik8hgkzcrwlx-pnpm-11.15.0",
              "default": true
            }
          ],
          "store_path": "/nix/store/12ii9vsb0ygcp3n68ninik8hgkzcrwlx-pnpm-11.15.0"
        },
        "aarch64-linux": {
          "outputs": [
            {
              "name": "out",
              "path": "/nix/store/4slv81dnhycj59lg0xznc70djwr50hc0-pnpm-11.15.0",
              "default": true
            }
          ],
          "store_path": "/nix/store/4slv81dnhycj59lg0xznc70djwr50hc0-pnpm-11.15.0"
        },
        "x86_64-linux": {
          "outputs": [
            {
              "name": "out",
              "path": "/nix/store/53xd3zys5pwjx55nq7c1v7lq3n1m2azi-pnpm-11.15.0",
              "default": true
            }
          ],
          "store_path": "/nix/store/53xd3zys5pwjx55nq7c1v7lq3n1m2azi-pnpm-11.15.0"
        }
      }
    },
    "rustc@latest": {
      "last_modified": "2026-07-23T05:10:05Z",
      "plugin_version": "0.0.1",
      "resolved": "github:NixOS/nixpkgs/7525d999cd850b9a488817abc89c75dc733acf17#rustc",
      "source": "devbox-search",
      "version": "1.97.0",
      "systems": {
        "aarch64-darwin": {
          "outputs": [
            {
              "name": "out",
              "path": "/nix/store/zc86y3qlir5sz52wwfsxgibgbvr9zvfs-rustc-wrapper-1.97.0",
              "default": true
            },
            {
              "name": "man",
              "path": "/nix/store/nl5i76zrhnvdv96m10gvllcw1cibx3kf-rustc-wrapper-1.97.0-man",
              "default": true
            },
            {
              "name": "doc",
              "path": "/nix/store/pc05v0bvacr9bnsvddrf0md37zkj29dj-rustc-wrapper-1.97.0-doc"
            }
          ],
          "store_path": "/nix/store/zc86y3qlir5sz52wwfsxgibgbvr9zvfs-rustc-wrapper-1.97.0"
        },
        "aarch64-linux": {
          "outputs": [
            {
              "name": "out",
              "path": "/nix/store/zbjqiyva7jjqb2m8drxj17306zkn0lmc-rustc-wrapper-1.97.0",
              "default": true
            },
            {
              "name": "man",
              "path": "/nix/store/cng3lybfqzr10wzpdxmsb236magpb4nk-rustc-wrapper-1.97.0-man",
              "default": true
            },
            {
              "name": "doc",
              "path": "/nix/store/sq2qc9vlxybv30nw13n29rlia1fz52lv-rustc-wrapper-1.97.0-doc"
            }
          ],
          "store_path": "/nix/store/zbjqiyva7jjqb2m8drxj17306zkn0lmc-rustc-wrapper-1.97.0"
        },
        "x86_64-linux": {
          "outputs": [
            {
              "name": "out",
              "path": "/nix/store/h6c2mbpmxih3mfadhvl6jzf090n419yv-rustc-wrapper-1.97.0",
              "default": true
            },
            {
              "name": "man",
              "path": "/nix/store/kpynwsfikb91k3i4jyvj8ggz68p2hfai-rustc-wrapper-1.97.0-man",
              "default": true
            },
            {
              "name": "doc",
              "path": "/nix/store/q2nc6mlp8yivnyxr6cg8m71nahrnjgdg-rustc-wrapper-1.97.0-doc"
            }
          ],
          "store_path": "/nix/store/h6c2mbpmxih3mfadhvl6jzf090n419yv-rustc-wrapper-1.97.0"
        }
      }
    },
    "rustfmt@latest": {
      "last_modified": "2026-07-23T05:10:05Z",
      "resolved": "github:NixOS/nixpkgs/7525d999cd850b9a488817abc89c75dc733acf17#rustfmt",
      "source": "devbox-search",
      "version": "1.97.0",
      "systems": {
        "aarch64-darwin": {
          "outputs": [
            {
              "name": "out",
              "path": "/nix/store/8h81rjmqzngdy0x7myvf88b82h9brg71-rustfmt-1.97.0",
              "default": true
            }
          ],
          "store_path": "/nix/store/8h81rjmqzngdy0x7myvf88b82h9brg71-rustfmt-1.97.0"
        },
        "aarch64-linux": {
          "outputs": [
            {
              "name": "out",
              "path": "/nix/store/1294vmf2lv5f68y70r4zydis60g4z34x-rustfmt-1.97.0",
              "default": true
            }
          ],
          "store_path": "/nix/store/1294vmf2lv5f68y70r4zydis60g4z34x-rustfmt-1.97.0"
        },
        "x86_64-linux": {
          "outputs": [
            {
              "name": "out",
              "path": "/nix/store/i7qpcas4xd1kz9k98yh2c0w8ld0x288b-rustfmt-1.97.0",
              "default": true
            }
          ],
          "store_path": "/nix/store/i7qpcas4xd1kz9k98yh2c0w8ld0x288b-rustfmt-1.97.0"
        }
      }
    },
    "uv@latest": {
      "last_modified": "2026-07-23T05:10:05Z",
      "resolved": "github:NixOS/nixpkgs/7525d999cd850b9a488817abc89c75dc733acf17#uv",
      "source": "devbox-search",
      "version": "0.11.28",
      "systems": {
        "aarch64-darwin": {
          "outputs": [
            {
              "name": "out",
              "path": "/nix/store/yn36m1y6l2kmhx1dkqsmy3kf6acx77mz-uv-0.11.28",
              "default": true
            }
          ],
          "store_path": "/nix/store/yn36m1y6l2kmhx1dkqsmy3kf6acx77mz-uv-0.11.28"
        },
        "aarch64-linux": {
          "outputs": [
            {
              "name": "out",
              "path": "/nix/store/lj1akylx79l52f6yp3j2a55gf7s7vhx1-uv-0.11.28",
              "default": true
            }
          ],
          "store_path": "/nix/store/lj1akylx79l52f6yp3j2a55gf7s7vhx1-uv-0.11.28"
        },
        "x86_64-linux": {
          "outputs": [
            {
              "name": "out",
              "path": "/nix/store/zrq88ys031mx35ib1lb3xahcm4dsq71r-uv-0.11.28",
              "default": true
            }
          ],
          "store_path": "/nix/store/zrq88ys031mx35ib1lb3xahcm4dsq71r-uv-0.11.28"
        }
      }
    }
  }
}
